# THIS IS AN AUTOGENERATED FILE. DO NOT EDIT THIS FILE DIRECTLY.
# yarn lockfile v1


"@types/semver@^7.3.6":
  version "7.3.9"
  resolved "https://registry.yarnpkg.com/@types/semver/-/semver-7.3.9.tgz#152c6c20a7688c30b967ec1841d31ace569863fc"
  integrity sha512-L/TMpyURfBkf+o/526Zb6kd/tchUP3iBDEPjqjb+U2MAJhVRxxrmr2fwpe08E7QsV7YLcpq0tUaQ9O9x97ZIxQ==

about-window@^1.12.1:
  version "1.12.1"
  resolved "https://registry.yarnpkg.com/about-window/-/about-window-1.12.1.tgz#b81c10f6de58d38bce2aa5f31f61a82e6c3d6c2b"

acorn@^7.1.1:
  version "7.1.1"
  resolved "https://registry.yarnpkg.com/acorn/-/acorn-7.1.1.tgz#e35668de0b402f359de515c5482a1ab9f89a69bf"

argparse@^2.0.1:
  version "2.0.1"
  resolved "https://registry.yarnpkg.com/argparse/-/argparse-2.0.1.tgz#246f50f3ca78a3240f6c997e8a9bd1eac49e4b38"
  integrity sha512-8+9WqebbFzpX9OR+Wa6O29asIogeRMzcGtAINdpMHHyAg10f05aSFVBbcEqGf/PXw1EjAZ+q2/bEBg3DvurK3Q==

async@^2.0.0:
  version "2.6.3"
  resolved "https://registry.yarnpkg.com/async/-/async-2.6.3.tgz#d72625e2344a3656e3a3ad4fa749fa83299d82ff"
  integrity sha512-zflvls11DCy+dQWzTW2dzuilv8Z5X/pjfmZOWba6TNIVDm+2UDaJmXSOXlasHKfNBs8oo3M0aT50fDEWfKZjXg==
  dependencies:
    lodash "^4.17.14"

balanced-match@^1.0.0:
  version "1.0.0"
  resolved "https://registry.yarnpkg.com/balanced-match/-/balanced-match-1.0.0.tgz#89b4d199ab2bee49de164ea02b89ce462d71b767"
  integrity sha1-ibTRmasr7kneFk6gK4nORi1xt2c=

brace-expansion@^1.1.7:
  version "1.1.11"
  resolved "https://registry.yarnpkg.com/brace-expansion/-/brace-expansion-1.1.11.tgz#3c7fcbf529d87226f3d2f52b966ff5271eb441dd"
  integrity sha512-iCuPHDFgrHX7H2vEI/5xpz07zSHB00TpugqhmYtVmMO6518mCuRMoOYFldEBl0g187ufozdaHgWKcYFb61qGiA==
  dependencies:
    balanced-match "^1.0.0"
    concat-map "0.0.1"

brfs@^1.4.0:
  version "1.6.1"
  resolved "https://registry.yarnpkg.com/brfs/-/brfs-1.6.1.tgz#b78ce2336d818e25eea04a0947cba6d4fb8849c3"
  dependencies:
    quote-stream "^1.0.1"
    resolve "^1.1.5"
    static-module "^2.2.0"
    through2 "^2.0.0"

buffer-equal@0.0.1:
  version "0.0.1"
  resolved "https://registry.yarnpkg.com/buffer-equal/-/buffer-equal-0.0.1.tgz#91bc74b11ea405bc916bc6aa908faafa5b4aac4b"

buffer-from@^1.0.0:
  version "1.1.1"
  resolved "https://registry.yarnpkg.com/buffer-from/-/buffer-from-1.1.1.tgz#32713bc028f75c02fdb710d7c7bcec1f2c6070ef"

builder-util-runtime@9.0.0:
  version "9.0.0"
  resolved "https://registry.yarnpkg.com/builder-util-runtime/-/builder-util-runtime-9.0.0.tgz#3a40ba7382712ccdb24471567f91d7c167e00830"
  integrity sha512-SkpEtSmTkREDHRJnxKEv43aAYp8sYWY8fxYBhGLBLOBIRXeaIp6Kv3lBgSD7uR8jQtC7CA659sqJrpSV6zNvSA==
  dependencies:
    debug "^4.3.2"
    sax "^1.2.4"

concat-map@0.0.1:
  version "0.0.1"
  resolved "https://registry.yarnpkg.com/concat-map/-/concat-map-0.0.1.tgz#d8a96bd77fd68df7793a73036a3ba0d5405d477b"
  integrity sha1-2Klr13/Wjfd5OnMDajug1UBdR3s=

concat-stream@~1.6.0:
  version "1.6.2"
  resolved "https://registry.yarnpkg.com/concat-stream/-/concat-stream-1.6.2.tgz#904bdf194cd3122fc675c77fc4ac3d4ff0fd1a34"
  dependencies:
    buffer-from "^1.0.0"
    inherits "^2.0.3"
    readable-stream "^2.2.2"
    typedarray "^0.0.6"

convert-source-map@^1.5.1:
  version "1.7.0"
  resolved "https://registry.yarnpkg.com/convert-source-map/-/convert-source-map-1.7.0.tgz#17a2cb882d7f77d3490585e2ce6c524424a3a442"
  dependencies:
    safe-buffer "~5.1.1"

core-util-is@~1.0.0:
  version "1.0.2"
  resolved "https://registry.yarnpkg.com/core-util-is/-/core-util-is-1.0.2.tgz#b5fd54220aa2bc5ab57aab7140c940754503c1a7"

debug@^4.3.2:
  version "4.3.3"
  resolved "https://registry.yarnpkg.com/debug/-/debug-4.3.3.tgz#04266e0b70a98d4462e6e288e38259213332b664"
  integrity sha512-/zxw5+vh1Tfv+4Qn7a5nsbcJKPaSvCDhojn6FEl9vupwK2VCSDtEiEtqr8DFtzYFOdz63LBkxec7DYuc2jon6Q==
  dependencies:
    ms "2.1.2"

deep-is@~0.1.3:
  version "0.1.3"
  resolved "https://registry.yarnpkg.com/deep-is/-/deep-is-0.1.3.tgz#b369d6fb5dbc13eecf524f91b070feedc357cf34"

defaultcss@^1.1.1:
  version "1.1.1"
  resolved "https://registry.yarnpkg.com/defaultcss/-/defaultcss-1.1.1.tgz#c2be2809946655da1403d25170e38b19aedeeeda"

dombo@^3.2.0:
  version "3.2.0"
  resolved "https://registry.yarnpkg.com/dombo/-/dombo-3.2.0.tgz#0be18a8f16de82770769bba53dfdad33d7d0de68"

domify@^1.3.3:
  version "1.4.0"
  resolved "https://registry.yarnpkg.com/domify/-/domify-1.4.0.tgz#11483617f764f8695975b4bdc79b14f0803b629b"

duplexer2@~0.1.4:
  version "0.1.4"
  resolved "https://registry.yarnpkg.com/duplexer2/-/duplexer2-0.1.4.tgz#8b12dab878c0d69e3e7891051662a32fc6bddcc1"
  dependencies:
    readable-stream "^2.0.2"

electron-json-storage@^4.5.0:
  version "4.5.0"
  resolved "https://registry.yarnpkg.com/electron-json-storage/-/electron-json-storage-4.5.0.tgz#7a34cf34c373f94b181a042c32ea9bf4a3b65fb7"
  integrity sha512-ML6Um4tZbJv938EbxvMJwzLA+v/wfWwEP+AXNum1zQF9RUFJ/SrRtIjGm9eFTFxURxn81r3ggdovuQikyF/m0Q==
  dependencies:
    async "^2.0.0"
    lockfile "^1.0.4"
    lodash "^4.0.1"
    mkdirp "^0.5.1"
    rimraf "^2.5.1"
    write-file-atomic "^2.4.2"

electron-log@^4.4.6:
  version "4.4.6"
  resolved "https://registry.yarnpkg.com/electron-log/-/electron-log-4.4.6.tgz#e7824fc725370384f6edaaac0480c423e570dc69"
  integrity sha512-nirYgRdY+F+vclr8ijdwy2vW03IzFpDHTaKNWu76dEN21Y76+smcES5knS7cgHUUB0qNLOi8vZO36taakjbSXA==

electron-progressbar@^2.0.1:
  version "2.0.1"
  resolved "https://registry.yarnpkg.com/electron-progressbar/-/electron-progressbar-2.0.1.tgz#97e39e006cc9f4a63c598b03b171800fd47f8f33"
  integrity sha512-+N60GX2q+KH5OvZXxwtjMTZB/1AyxriFd95vOnR3sOfNpvz+30LMsM0a9SnEivZE6N8Djy7F3z4TY8pLs8aopw==
  dependencies:
    extend "^3.0.1"

electron-updater@5.0.0:
  version "5.0.0"
  resolved "https://registry.yarnpkg.com/electron-updater/-/electron-updater-5.0.0.tgz#79d29c37124ad155baabf22aab8f113e2d7b3ed9"
  integrity sha512-SC3sw92ewjrJFZIJamVOHqxW3yzFin/Q/Swf2FZodqm9xd4s8hCbPCfptpD/xBIcvQmAv2BAggbprwWq/fyp6w==
  dependencies:
    "@types/semver" "^7.3.6"
    builder-util-runtime "9.0.0"
    fs-extra "^10.0.0"
    js-yaml "^4.1.0"
    lazy-val "^1.0.5"
    lodash.escaperegexp "^4.1.2"
    lodash.isequal "^4.5.0"
    semver "^7.3.5"

electron-windows-badge@^1.1.0:
  version "1.1.0"
  resolved "https://registry.yarnpkg.com/electron-windows-badge/-/electron-windows-badge-1.1.0.tgz#cbc874c685e76da42b63565b8bc83eab7c65b961"
  integrity sha512-hWFbUk9u3fQHcKzTAcjZAN7XH9bL9oH9g20RRDU/DVDNqdMI03GzlBZfR/R8R1krYu9AT4biLqSCAxnt9LMAfA==

escodegen@^1.11.1:
  version "1.14.1"
  resolved "https://registry.yarnpkg.com/escodegen/-/escodegen-1.14.1.tgz#ba01d0c8278b5e95a9a45350142026659027a457"
  dependencies:
    esprima "^4.0.1"
    estraverse "^4.2.0"
    esutils "^2.0.2"
    optionator "^0.8.1"
  optionalDependencies:
    source-map "~0.6.1"

escodegen@~1.9.0:
  version "1.9.1"
  resolved "https://registry.yarnpkg.com/escodegen/-/escodegen-1.9.1.tgz#dbae17ef96c8e4bedb1356f4504fa4cc2f7cb7e2"
  dependencies:
    esprima "^3.1.3"
    estraverse "^4.2.0"
    esutils "^2.0.2"
    optionator "^0.8.1"
  optionalDependencies:
    source-map "~0.6.1"

esprima@^3.1.3:
  version "3.1.3"
  resolved "https://registry.yarnpkg.com/esprima/-/esprima-3.1.3.tgz#fdca51cee6133895e3c88d535ce49dbff62a4633"

esprima@^4.0.1:
  version "4.0.1"
  resolved "https://registry.yarnpkg.com/esprima/-/esprima-4.0.1.tgz#13b04cdb3e6c5d19df91ab6987a8695619b0aa71"

estraverse@^4.2.0:
  version "4.3.0"
  resolved "https://registry.yarnpkg.com/estraverse/-/estraverse-4.3.0.tgz#398ad3f3c5a24948be7725e83d11a7de28cdbd1d"

esutils@^2.0.2:
  version "2.0.3"
  resolved "https://registry.yarnpkg.com/esutils/-/esutils-2.0.3.tgz#74d2eb4de0b8da1293711910d50775b9b710ef64"

extend@^3.0.1:
  version "3.0.2"
  resolved "https://registry.yarnpkg.com/extend/-/extend-3.0.2.tgz#f8b1136b4071fbd8eb140aff858b1019ec2915fa"

falafel@^2.1.0:
  version "2.2.4"
  resolved "https://registry.yarnpkg.com/falafel/-/falafel-2.2.4.tgz#b5d86c060c2412a43166243cb1bce44d1abd2819"
  dependencies:
    acorn "^7.1.1"
    foreach "^2.0.5"
    isarray "^2.0.1"
    object-keys "^1.0.6"

fast-levenshtein@~2.0.6:
  version "2.0.6"
  resolved "https://registry.yarnpkg.com/fast-levenshtein/-/fast-levenshtein-2.0.6.tgz#3d8a5c66883a16a30ca8643e851f19baa7797917"

foreach@^2.0.5:
  version "2.0.5"
  resolved "https://registry.yarnpkg.com/foreach/-/foreach-2.0.5.tgz#0bee005018aeb260d0a3af3ae658dd0136ec1b99"

fs-extra@^10.0.0:
  version "10.0.1"
  resolved "https://registry.yarnpkg.com/fs-extra/-/fs-extra-10.0.1.tgz#27de43b4320e833f6867cc044bfce29fdf0ef3b8"
  integrity sha512-NbdoVMZso2Lsrn/QwLXOy6rm0ufY2zEOKCDzJR/0kBsb0E6qed0P3iYK+Ath3BfvXEeu4JhEtXLgILx5psUfag==
  dependencies:
    graceful-fs "^4.2.0"
    jsonfile "^6.0.1"
    universalify "^2.0.0"

fs.realpath@^1.0.0:
  version "1.0.0"
  resolved "https://registry.yarnpkg.com/fs.realpath/-/fs.realpath-1.0.0.tgz#1504ad2523158caa40db4a2787cb01411994ea4f"
  integrity sha1-FQStJSMVjKpA20onh8sBQRmU6k8=

function-bind@^1.1.1:
  version "1.1.1"
  resolved "https://registry.yarnpkg.com/function-bind/-/function-bind-1.1.1.tgz#a56899d3ea3c9bab874bb9773b7c5ede92f4895d"

glob@^7.1.3:
  version "7.1.6"
  resolved "https://registry.yarnpkg.com/glob/-/glob-7.1.6.tgz#141f33b81a7c2492e125594307480c46679278a6"
  integrity sha512-LwaxwyZ72Lk7vZINtNNrywX0ZuLyStrdDtabefZKAY5ZGJhVtgdznluResxNmPitE0SAO+O26sWTHeKSI2wMBA==
  dependencies:
    fs.realpath "^1.0.0"
    inflight "^1.0.4"
    inherits "2"
    minimatch "^3.0.4"
    once "^1.3.0"
    path-is-absolute "^1.0.0"

graceful-fs@^4.1.11:
  version "4.2.4"
  resolved "https://registry.yarnpkg.com/graceful-fs/-/graceful-fs-4.2.4.tgz#2256bde14d3632958c465ebc96dc467ca07a29fb"
  integrity sha512-WjKPNJF79dtJAVniUlGGWHYGz2jWxT6VhN/4m1NdkbZ2nOsEF+cI1Edgql5zCRhs/VsQYRvrXctxktVXZUkixw==

graceful-fs@^4.1.6:
  version "4.1.11"
  resolved "https://registry.yarnpkg.com/graceful-fs/-/graceful-fs-4.1.11.tgz#0e8bdfe4d1ddb8854d64e04ea7c00e2a026e5658"

graceful-fs@^4.2.0:
  version "4.2.3"
  resolved "https://registry.yarnpkg.com/graceful-fs/-/graceful-fs-4.2.3.tgz#4a12ff1b60376ef09862c2093edd908328be8423"

has@^1.0.1:
  version "1.0.3"
  resolved "https://registry.yarnpkg.com/has/-/has-1.0.3.tgz#722d7cbfc1f6aa8241f16dd814e011e1f41e8796"
  dependencies:
    function-bind "^1.1.1"

imurmurhash@^0.1.4:
  version "0.1.4"
  resolved "https://registry.yarnpkg.com/imurmurhash/-/imurmurhash-0.1.4.tgz#9218b9b2b928a238b13dc4fb6b6d576f231453ea"
  integrity sha1-khi5srkoojixPcT7a21XbyMUU+o=

inflight@^1.0.4:
  version "1.0.6"
  resolved "https://registry.yarnpkg.com/inflight/-/inflight-1.0.6.tgz#49bd6331d7d02d0c09bc910a1075ba8165b56df9"
  integrity sha1-Sb1jMdfQLQwJvJEKEHW6gWW1bfk=
  dependencies:
    once "^1.3.0"
    wrappy "1"

inherits@2, inherits@^2.0.3, inherits@~2.0.3:
  version "2.0.4"
  resolved "https://registry.yarnpkg.com/inherits/-/inherits-2.0.4.tgz#0fa2c64f932917c3433a0ded55363aae37416b7c"

isarray@^2.0.1:
  version "2.0.5"
  resolved "https://registry.yarnpkg.com/isarray/-/isarray-2.0.5.tgz#8af1e4c1221244cc62459faf38940d4e644a5723"

isarray@~1.0.0:
  version "1.0.0"
  resolved "https://registry.yarnpkg.com/isarray/-/isarray-1.0.0.tgz#bb935d48582cba168c06834957a54a3e07124f11"

js-yaml@^4.1.0:
  version "4.1.0"
  resolved "https://registry.yarnpkg.com/js-yaml/-/js-yaml-4.1.0.tgz#c1fb65f8f5017901cdd2c951864ba18458a10602"
  integrity sha512-wpxZs9NoxZaJESJGIZTyDEaYpl0FKSA+FB9aJiyemKhMwkxQg63h4T1KJgUGHpTqPDNRcmmYLugrRjJlBtWvRA==
  dependencies:
    argparse "^2.0.1"

jsonfile@^6.0.1:
  version "6.1.0"
  resolved "https://registry.yarnpkg.com/jsonfile/-/jsonfile-6.1.0.tgz#bc55b2634793c679ec6403094eb13698a6ec0aae"
  integrity sha512-5dgndWOriYSm5cnYaJNhalLNDKOqFwyDB/rr1E9ZsGciGvKPs8R2xYGCacuf3z6K1YKDz182fd+fY3cn3pMqXQ==
  dependencies:
    universalify "^2.0.0"
  optionalDependencies:
    graceful-fs "^4.1.6"

lazy-val@^1.0.5:
  version "1.0.5"
  resolved "https://registry.yarnpkg.com/lazy-val/-/lazy-val-1.0.5.tgz#6cf3b9f5bc31cee7ee3e369c0832b7583dcd923d"
  integrity sha512-0/BnGCCfyUMkBpeDgWihanIAF9JmZhHBgUhEqzvf+adhNGLoP6TaiI5oF8oyb3I45P+PcnrqihSf01M0l0G5+Q==

levn@~0.3.0:
  version "0.3.0"
  resolved "https://registry.yarnpkg.com/levn/-/levn-0.3.0.tgz#3b09924edf9f083c0490fdd4c0bc4421e04764ee"
  dependencies:
    prelude-ls "~1.1.2"
    type-check "~0.3.2"

lockfile@^1.0.4:
  version "1.0.4"
  resolved "https://registry.yarnpkg.com/lockfile/-/lockfile-1.0.4.tgz#07f819d25ae48f87e538e6578b6964a4981a5609"
  integrity sha512-cvbTwETRfsFh4nHsL1eGWapU1XFi5Ot9E85sWAwia7Y7EgB7vfqcZhTKZ+l7hCGxSPoushMv5GKhT5PdLv03WA==
  dependencies:
    signal-exit "^3.0.2"

lodash.escaperegexp@^4.1.2:
  version "4.1.2"
  resolved "https://registry.yarnpkg.com/lodash.escaperegexp/-/lodash.escaperegexp-4.1.2.tgz#64762c48618082518ac3df4ccf5d5886dae20347"
  integrity sha1-ZHYsSGGAglGKw99Mz11YhtriA0c=

lodash.isequal@^4.5.0:
  version "4.5.0"
  resolved "https://registry.yarnpkg.com/lodash.isequal/-/lodash.isequal-4.5.0.tgz#415c4478f2bcc30120c22ce10ed3226f7d3e18e0"

lodash@^4.0.1, lodash@^4.17.14:
  version "4.17.20"
  resolved "https://registry.yarnpkg.com/lodash/-/lodash-4.17.20.tgz#b44a9b6297bcb698f1c51a3545a2b3b368d59c52"
  integrity sha512-PlhdFcillOINfeV7Ni6oF1TAEayyZBoZ8bcshTHqOYJYlrqzRK5hagpagky5o4HfCzzd1TRkXPMFq6cKk9rGmA==

lru-cache@^6.0.0:
  version "6.0.0"
  resolved "https://registry.yarnpkg.com/lru-cache/-/lru-cache-6.0.0.tgz#6d6fe6570ebd96aaf90fcad1dafa3b2566db3a94"
  integrity sha512-Jo6dJ04CmSjuznwJSS3pUeWmd/H0ffTlkXXgwZi+eq1UCmqQwCh+eLsYOYCwY991i2Fah4h1BEMCx4qThGbsiA==
  dependencies:
    yallist "^4.0.0"

magic-string@^0.22.4:
  version "0.22.5"
  resolved "https://registry.yarnpkg.com/magic-string/-/magic-string-0.22.5.tgz#8e9cf5afddf44385c1da5bc2a6a0dbd10b03657e"
  dependencies:
    vlq "^0.2.2"

merge-source-map@1.0.4:
  version "1.0.4"
  resolved "https://registry.yarnpkg.com/merge-source-map/-/merge-source-map-1.0.4.tgz#a5de46538dae84d4114cc5ea02b4772a6346701f"
  dependencies:
    source-map "^0.5.6"

minimatch@^3.0.4:
  version "3.0.4"
  resolved "https://registry.yarnpkg.com/minimatch/-/minimatch-3.0.4.tgz#5166e286457f03306064be5497e8dbb0c3d32083"
  integrity sha512-yJHVQEhyqPLUTgt9B83PXu6W3rx4MvvHvSUvToogpwoGDOUQ+yDrR0HRot+yOCdCO7u4hX3pWft6kWBBcqh0UA==
  dependencies:
    brace-expansion "^1.1.7"

minimist@^1.1.3, minimist@^1.2.5:
  version "1.2.5"
  resolved "https://registry.yarnpkg.com/minimist/-/minimist-1.2.5.tgz#67d66014b66a6a8aaa0c083c5fd58df4e4e97602"

mkdirp@^0.5.1:
  version "0.5.5"
  resolved "https://registry.yarnpkg.com/mkdirp/-/mkdirp-0.5.5.tgz#d91cefd62d1436ca0f41620e251288d420099def"
  integrity sha512-NKmAlESf6jMGym1++R0Ra7wvhV+wFW63FaSOFPwRahvea0gMUcGUhVeAg/0BC0wiv9ih5NYPB1Wn1UEI1/L+xQ==
  dependencies:
    minimist "^1.2.5"

ms@2.1.2:
  version "2.1.2"
  resolved "https://registry.yarnpkg.com/ms/-/ms-2.1.2.tgz#d09d1f357b443f493382a8eb3ccd183872ae6009"
  integrity sha512-sGkPx+VjMtmA6MX27oA4FBFELFCZZ4S4XqeGOXCv68tT+jb3vk/RyaKWP0PTKyWtmLSM0b+adUTEvbs1PEaH2w==

object-inspect@~1.4.0:
  version "1.4.1"
  resolved "https://registry.yarnpkg.com/object-inspect/-/object-inspect-1.4.1.tgz#37ffb10e71adaf3748d05f713b4c9452f402cbc4"

object-keys@^1.0.6:
  version "1.1.1"
  resolved "https://registry.yarnpkg.com/object-keys/-/object-keys-1.1.1.tgz#1c47f272df277f3b1daf061677d9c82e2322c60e"

once@^1.3.0:
  version "1.4.0"
  resolved "https://registry.yarnpkg.com/once/-/once-1.4.0.tgz#583b1aa775961d4b113ac17d9c50baef9dd76bd1"
  integrity sha1-WDsap3WWHUsROsF9nFC6753Xa9E=
  dependencies:
    wrappy "1"

optionator@^0.8.1:
  version "0.8.3"
  resolved "https://registry.yarnpkg.com/optionator/-/optionator-0.8.3.tgz#84fa1d036fe9d3c7e21d99884b601167ec8fb495"
  dependencies:
    deep-is "~0.1.3"
    fast-levenshtein "~2.0.6"
    levn "~0.3.0"
    prelude-ls "~1.1.2"
    type-check "~0.3.2"
    word-wrap "~1.2.3"

path-is-absolute@^1.0.0:
  version "1.0.1"
  resolved "https://registry.yarnpkg.com/path-is-absolute/-/path-is-absolute-1.0.1.tgz#174b9268735534ffbc7ace6bf53a5a9e1b5c5f5f"
  integrity sha1-F0uSaHNVNP+8es5r9TpanhtcX18=

path-parse@^1.0.6:
  version "1.0.6"
  resolved "https://registry.yarnpkg.com/path-parse/-/path-parse-1.0.6.tgz#d62dbb5679405d72c4737ec58600e9ddcf06d24c"

prelude-ls@~1.1.2:
  version "1.1.2"
  resolved "https://registry.yarnpkg.com/prelude-ls/-/prelude-ls-1.1.2.tgz#21932a549f5e52ffd9a827f570e04be62a97da54"

process-nextick-args@~2.0.0:
  version "2.0.1"
  resolved "https://registry.yarnpkg.com/process-nextick-args/-/process-nextick-args-2.0.1.tgz#7820d9b16120cc55ca9ae7792680ae7dba6d7fe2"

quote-stream@^1.0.1, quote-stream@~1.0.2:
  version "1.0.2"
  resolved "https://registry.yarnpkg.com/quote-stream/-/quote-stream-1.0.2.tgz#84963f8c9c26b942e153feeb53aae74652b7e0b2"
  dependencies:
    buffer-equal "0.0.1"
    minimist "^1.1.3"
    through2 "^2.0.0"

readable-stream@^2.0.2, readable-stream@^2.2.2, readable-stream@~2.3.3, readable-stream@~2.3.6:
  version "2.3.7"
  resolved "https://registry.yarnpkg.com/readable-stream/-/readable-stream-2.3.7.tgz#1eca1cf711aef814c04f62252a36a62f6cb23b57"
  dependencies:
    core-util-is "~1.0.0"
    inherits "~2.0.3"
    isarray "~1.0.0"
    process-nextick-args "~2.0.0"
    safe-buffer "~5.1.1"
    string_decoder "~1.1.1"
    util-deprecate "~1.0.1"

resolve@^1.1.5:
  version "1.15.1"
  resolved "https://registry.yarnpkg.com/resolve/-/resolve-1.15.1.tgz#27bdcdeffeaf2d6244b95bb0f9f4b4653451f3e8"
  dependencies:
    path-parse "^1.0.6"

rimraf@^2.5.1:
  version "2.7.1"
  resolved "https://registry.yarnpkg.com/rimraf/-/rimraf-2.7.1.tgz#35797f13a7fdadc566142c29d4f07ccad483e3ec"
  integrity sha512-uWjbaKIK3T1OSVptzX7Nl6PvQ3qAGtKEtVRjRuazjfL3Bx5eI409VZSqgND+4UNnmzLVdPj9FqFJNPqBZFve4w==
  dependencies:
    glob "^7.1.3"

safe-buffer@~5.1.0, safe-buffer@~5.1.1:
  version "5.1.2"
  resolved "https://registry.yarnpkg.com/safe-buffer/-/safe-buffer-5.1.2.tgz#991ec69d296e0313747d59bdfd2b745c35f8828d"

sax@^1.2.4:
  version "1.2.4"
  resolved "https://registry.yarnpkg.com/sax/-/sax-1.2.4.tgz#2816234e2378bddc4e5354fab5caa895df7100d9"

semver@^7.3.5:
  version "7.3.5"
  resolved "https://registry.yarnpkg.com/semver/-/semver-7.3.5.tgz#0b621c879348d8998e4b0e4be94b3f12e6018ef7"
  integrity sha512-PoeGJYh8HK4BTO/a9Tf6ZG3veo/A7ZVsYrSA6J8ny9nb3B1VrpkuN+z9OE5wfE5p6H4LchYZsegiQgbJD94ZFQ==
  dependencies:
    lru-cache "^6.0.0"

shallow-copy@~0.0.1:
  version "0.0.1"
  resolved "https://registry.yarnpkg.com/shallow-copy/-/shallow-copy-0.0.1.tgz#415f42702d73d810330292cc5ee86eae1a11a170"

signal-exit@^3.0.2:
  version "3.0.3"
  resolved "https://registry.yarnpkg.com/signal-exit/-/signal-exit-3.0.3.tgz#a1410c2edd8f077b08b4e253c8eacfcaf057461c"
  integrity sha512-VUJ49FC8U1OxwZLxIbTTrDvLnf/6TDgxZcK8wxR8zs13xpx7xbG60ndBlhNrFi2EMuFRoeDoJO7wthSLq42EjA==

source-map@^0.5.6:
  version "0.5.7"
  resolved "https://registry.yarnpkg.com/source-map/-/source-map-0.5.7.tgz#8a039d2d1021d22d1ea14c80d8ea468ba2ef3fcc"

source-map@~0.6.1:
  version "0.6.1"
  resolved "https://registry.yarnpkg.com/source-map/-/source-map-0.6.1.tgz#74722af32e9614e9c287a8d0bbde48b5e2f1a263"

static-eval@^2.0.0:
  version "2.0.5"
  resolved "https://registry.yarnpkg.com/static-eval/-/static-eval-2.0.5.tgz#f0782e66999c4b3651cda99d9ce59c507d188f71"
  dependencies:
    escodegen "^1.11.1"

static-module@^2.2.0:
  version "2.2.5"
  resolved "https://registry.yarnpkg.com/static-module/-/static-module-2.2.5.tgz#bd40abceae33da6b7afb84a0e4329ff8852bfbbf"
  dependencies:
    concat-stream "~1.6.0"
    convert-source-map "^1.5.1"
    duplexer2 "~0.1.4"
    escodegen "~1.9.0"
    falafel "^2.1.0"
    has "^1.0.1"
    magic-string "^0.22.4"
    merge-source-map "1.0.4"
    object-inspect "~1.4.0"
    quote-stream "~1.0.2"
    readable-stream "~2.3.3"
    shallow-copy "~0.0.1"
    static-eval "^2.0.0"
    through2 "~2.0.3"

string_decoder@~1.1.1:
  version "1.1.1"
  resolved "https://registry.yarnpkg.com/string_decoder/-/string_decoder-1.1.1.tgz#9cf1611ba62685d7030ae9e4ba34149c3af03fc8"
  dependencies:
    safe-buffer "~5.1.0"

through2@^2.0.0, through2@~2.0.3:
  version "2.0.5"
  resolved "https://registry.yarnpkg.com/through2/-/through2-2.0.5.tgz#01c1e39eb31d07cb7d03a96a70823260b23132cd"
  dependencies:
    readable-stream "~2.3.6"
    xtend "~4.0.1"

"titlebar@git+https://github.com/saghul/titlebar.git":
  version "1.4.0"
  resolved "git+https://github.com/saghul/titlebar.git#da1d387f8e07acf57aa387019a80ce028606148d"
  dependencies:
    brfs "^1.4.0"
    defaultcss "^1.1.1"
    dombo "^3.2.0"
    domify "^1.3.3"

type-check@~0.3.2:
  version "0.3.2"
  resolved "https://registry.yarnpkg.com/type-check/-/type-check-0.3.2.tgz#5884cab512cf1d355e3fb784f30804b2b520db72"
  dependencies:
    prelude-ls "~1.1.2"

typedarray@^0.0.6:
  version "0.0.6"
  resolved "https://registry.yarnpkg.com/typedarray/-/typedarray-0.0.6.tgz#867ac74e3864187b1d3d47d996a78ec5c8830777"

universalify@^2.0.0:
  version "2.0.0"
  resolved "https://registry.yarnpkg.com/universalify/-/universalify-2.0.0.tgz#75a4984efedc4b08975c5aeb73f530d02df25717"
  integrity sha512-hAZsKq7Yy11Zu1DE0OzWjw7nnLZmJZYTDZZyEFHZdUhV8FkH5MCfoU1XMaxXovpyW5nq5scPqq0ZDP9Zyl04oQ==

util-deprecate@~1.0.1:
  version "1.0.2"
  resolved "https://registry.yarnpkg.com/util-deprecate/-/util-deprecate-1.0.2.tgz#450d4dc9fa70de732762fbd2d4a28981419a0ccf"

vlq@^0.2.2:
  version "0.2.3"
  resolved "https://registry.yarnpkg.com/vlq/-/vlq-0.2.3.tgz#8f3e4328cf63b1540c0d67e1b2778386f8975b26"

word-wrap@~1.2.3:
  version "1.2.3"
  resolved "https://registry.yarnpkg.com/word-wrap/-/word-wrap-1.2.3.tgz#610636f6b1f703891bd34771ccb17fb93b47079c"

wrappy@1:
  version "1.0.2"
  resolved "https://registry.yarnpkg.com/wrappy/-/wrappy-1.0.2.tgz#b5243d8f3ec1aa35f1364605bc0d1036e30ab69f"
  integrity sha1-tSQ9jz7BqjXxNkYFvA0QNuMKtp8=

write-file-atomic@^2.4.2:
  version "2.4.3"
  resolved "https://registry.yarnpkg.com/write-file-atomic/-/write-file-atomic-2.4.3.tgz#1fd2e9ae1df3e75b8d8c367443c692d4ca81f481"
  integrity sha512-GaETH5wwsX+GcnzhPgKcKjJ6M2Cq3/iZp1WyY/X1CSqrW+jVNM9Y7D8EC2sM4ZG/V8wZlSniJnCKWPmBYAucRQ==
  dependencies:
    graceful-fs "^4.1.11"
    imurmurhash "^0.1.4"
    signal-exit "^3.0.2"

xtend@~4.0.1:
  version "4.0.2"
  resolved "https://registry.yarnpkg.com/xtend/-/xtend-4.0.2.tgz#bb72779f5fa465186b1f438f674fa347fdb5db54"

yallist@^4.0.0:
  version "4.0.0"
  resolved "https://registry.yarnpkg.com/yallist/-/yallist-4.0.0.tgz#9bb92790d9c0effec63be73519e11a35019a3a72"
  integrity sha512-3wdGidZyq5PB084XLES5TpOSRA3wjXAlIWMhum2kRcv/41Sn2emQ0dycQW4uZXLejwKvg6EsvbdlVL+FYEct7A==
